
Microsoft Visual Studio Solution File, Format Version 11.00
# Visual Studio 2010
Project("{FAE04EC0-301F-11D3-BF4B-00C04F79EFBC}") = "Assembly-CSharp", "Assembly-CSharp.csproj", "{A1B6FD37-49FD-1021-3CD4-854CBE18C3B8}"
EndProject
Project("{FAE04EC0-301F-11D3-BF4B-00C04F79EFBC}") = "Assembly-CSharp-firstpass", "Assembly-CSharp-firstpass.csproj", "{C978A606-9437-D66C-BA99-E4D1450BAB7F}"
EndProject
Project("{FAE04EC0-301F-11D3-BF4B-00C04F79EFBC}") = "Assembly-CSharp-Editor-firstpass", "Assembly-CSharp-Editor-firstpass.csproj", "{03736DC5-218D-67BF-276D-CEF2D2808209}"
EndProject
Global
	GlobalSection(SolutionConfigurationPlatforms) = preSolution
		Debug|Any CPU = Debug|Any CPU
		Release|Any CPU = Release|Any CPU
	EndGlobalSection
	GlobalSection(ProjectConfigurationPlatforms) = postSolution
		{A1B6FD37-49FD-1021-3CD4-854CBE18C3B8}.Debug|Any CPU.ActiveCfg = Debug|Any CPU
		{A1B6FD37-49FD-1021-3CD4-854CBE18C3B8}.Debug|Any CPU.Build.0 = Debug|Any CPU
		{A1B6FD37-49FD-1021-3CD4-854CBE18C3B8}.Release|Any CPU.ActiveCfg = Release|Any CPU
		{A1B6FD37-49FD-1021-3CD4-854CBE18C3B8}.Release|Any CPU.Build.0 = Release|Any CPU
		{C978A606-9437-D66C-BA99-E4D1450BAB7F}.Debug|Any CPU.ActiveCfg = Debug|Any CPU
		{C978A606-9437-D66C-BA99-E4D1450BAB7F}.Debug|Any CPU.Build.0 = Debug|Any CPU
		{C978A606-9437-D66C-BA99-E4D1450BAB7F}.Release|Any CPU.ActiveCfg = Release|Any CPU
		{C978A606-9437-D66C-BA99-E4D1450BAB7F}.Release|Any CPU.Build.0 = Release|Any CPU
		{03736DC5-218D-67BF-276D-CEF2D2808209}.Debug|Any CPU.ActiveCfg = Debug|Any CPU
		{03736DC5-218D-67BF-276D-CEF2D2808209}.Debug|Any CPU.Build.0 = Debug|Any CPU
		{03736DC5-218D-67BF-276D-CEF2D2808209}.Release|Any CPU.ActiveCfg = Release|Any CPU
		{03736DC5-218D-67BF-276D-CEF2D2808209}.Release|Any CPU.Build.0 = Release|Any CPU
	EndGlobalSection
	GlobalSection(SolutionProperties) = preSolution
		HideSolutionNode = FALSE
	EndGlobalSection
	GlobalSection(MonoDevelopProperties) = preSolution
		StartupItem = Assembly-CSharp.csproj
	EndGlobalSection
EndGlobal
